
Microsoft Visual Studio Solution File, Format Version 12.00
# Visual Studio Version 16
VisualStudioVersion = 16.0.32106.194
MinimumVisualStudioVersion = 10.0.40219.1
Project("{9A19103F-16F7-4668-BE54-9A1E7A4F7556}") = "ProducerConsumerConsoleApp", "ProducerConsumerConsoleApp\ProducerConsumerConsoleApp.csproj", "{EBE2DC33-3364-4FC6-B5A2-D7D7B26FC5A5}"
EndProject
Project("{FAE04EC0-301F-11D3-BF4B-00C04F79EFBC}") = "ProducerConsumerApi", "ProducerConsumerApi\ProducerConsumerApi.csproj", "{373BA447-3A49-41C2-B923-8B13339FE5DB}"
EndProject
Global
	GlobalSection(SolutionConfigurationPlatforms) = preSolution
		Debug|Any CPU = Debug|Any CPU
		Release|Any CPU = Release|Any CPU
	EndGlobalSection
	GlobalSection(ProjectConfigurationPlatforms) = postSolution
		{EBE2DC33-3364-4FC6-B5A2-D7D7B26FC5A5}.Debug|Any CPU.ActiveCfg = Debug|Any CPU
		{EBE2DC33-3364-4FC6-B5A2-D7D7B26FC5A5}.Debug|Any CPU.Build.0 = Debug|Any CPU
		{EBE2DC33-3364-4FC6-B5A2-D7D7B26FC5A5}.Release|Any CPU.ActiveCfg = Release|Any CPU
		{EBE2DC33-3364-4FC6-B5A2-D7D7B26FC5A5}.Release|Any CPU.Build.0 = Release|Any CPU
		{373BA447-3A49-41C2-B923-8B13339FE5DB}.Debug|Any CPU.ActiveCfg = Debug|Any CPU
		{373BA447-3A49-41C2-B923-8B13339FE5DB}.Debug|Any CPU.Build.0 = Debug|Any CPU
		{373BA447-3A49-41C2-B923-8B13339FE5DB}.Release|Any CPU.ActiveCfg = Release|Any CPU
		{373BA447-3A49-41C2-B923-8B13339FE5DB}.Release|Any CPU.Build.0 = Release|Any CPU
	EndGlobalSection
	GlobalSection(SolutionProperties) = preSolution
		HideSolutionNode = FALSE
	EndGlobalSection
	GlobalSection(ExtensibilityGlobals) = postSolution
		SolutionGuid = {ADB832A8-5BEE-48A8-97AE-804AA2F60A69}
	EndGlobalSection
EndGlobal
